
Microsoft Visual Studio Solution File, Format Version 12.00
# Visual Studio 15
VisualStudioVersion = 15.0.26730.8
MinimumVisualStudioVersion = 10.0.40219.1
Project("{FAE04EC0-301F-11D3-BF4B-00C04F79EFBC}") = "LinkedList", "LinkedList\LinkedList.csproj", "{857011B7-FB66-41F1-A377-C5B3255F90BC}"
EndProject
Global
	GlobalSection(SolutionConfigurationPlatforms) = preSolution
		Debug|Any CPU = Debug|Any CPU
		Release|Any CPU = Release|Any CPU
	EndGlobalSection
	GlobalSection(ProjectConfigurationPlatforms) = postSolution
		{857011B7-FB66-41F1-A377-C5B3255F90BC}.Debug|Any CPU.ActiveCfg = Debug|Any CPU
		{857011B7-FB66-41F1-A377-C5B3255F90BC}.Debug|Any CPU.Build.0 = Debug|Any CPU
		{857011B7-FB66-41F1-A377-C5B3255F90BC}.Release|Any CPU.ActiveCfg = Release|Any CPU
		{857011B7-FB66-41F1-A377-C5B3255F90BC}.Release|Any CPU.Build.0 = Release|Any CPU
	EndGlobalSection
	GlobalSection(SolutionProperties) = preSolution
		HideSolutionNode = FALSE
	EndGlobalSection
	GlobalSection(ExtensibilityGlobals) = postSolution
		SolutionGuid = {E8D2B73C-A5AD-496B-98FE-37E2A6192DB7}
	EndGlobalSection
EndGlobal
